// !$*UTF8*$!
{
	archiveVersion = 1;
	classes = {
	};
	objectVersion = 46;
	objects = {

/* Begin PBXBuildFile section */
		0A17887E838B494B2A44D3F9 /* libPods-ChillinTests.a in Frameworks */ = {isa = PBXBuildFile; fileRef = 73E8FE35D4242A5CFADF3AEC /* libPods-ChillinTests.a */; };
		2C17E79B1CEB28170048C181 /* LaunchScreen.m in Sources */ = {isa = PBXBuildFile; fileRef = 2C17E79A1CEB28170048C181 /* LaunchScreen.m */; };
		2C3F638E1CF44AC400774715 /* Localizable.strings in Resources */ = {isa = PBXBuildFile; fileRef = 2C3F63901CF44AC400774715 /* Localizable.strings */; };
		2CA57BEF1CE224030085A960 /* Wolf-in-the-City.ttf in Resources */ = {isa = PBXBuildFile; fileRef = 2CA57BEE1CE224010085A960 /* Wolf-in-the-City.ttf */; };
		2CCE00111C9D954900A5C164 /* main.m in Sources */ = {isa = PBXBuildFile; fileRef = 2CCE00101C9D954900A5C164 /* main.m */; };
		2CCE001A1C9D954900A5C164 /* Main.storyboard in Resources */ = {isa = PBXBuildFile; fileRef = 2CCE00181C9D954900A5C164 /* Main.storyboard */; };
		2CCE001D1C9D954900A5C164 /* Chillin.xcdatamodeld in Sources */ = {isa = PBXBuildFile; fileRef = 2CCE001B1C9D954900A5C164 /* Chillin.xcdatamodeld */; };
		2CCE001F1C9D954900A5C164 /* Assets.xcassets in Resources */ = {isa = PBXBuildFile; fileRef = 2CCE001E1C9D954900A5C164 /* Assets.xcassets */; };
		2CCE002D1C9D954900A5C164 /* ChillinTests.m in Sources */ = {isa = PBXBuildFile; fileRef = 2CCE002C1C9D954900A5C164 /* ChillinTests.m */; };
		2CCE00381C9D954900A5C164 /* ChillinUITests.m in Sources */ = {isa = PBXBuildFile; fileRef = 2CCE00371C9D954900A5C164 /* ChillinUITests.m */; };
		2CCE00481C9D95C000A5C164 /* LaunchScreen.xib in Resources */ = {isa = PBXBuildFile; fileRef = 2CCE00451C9D95C000A5C164 /* LaunchScreen.xib */; };
		2CCE00491C9D95C000A5C164 /* AppDelegate.m in Sources */ = {isa = PBXBuildFile; fileRef = 2CCE00471C9D95C000A5C164 /* AppDelegate.m */; };
		2CCE004C1C9D960B00A5C164 /* SevenSwitch.swift in Sources */ = {isa = PBXBuildFile; fileRef = 2CCE004B1C9D960B00A5C164 /* SevenSwitch.swift */; };
		2CCE005F1C9D971F00A5C164 /* Constants.m in Sources */ = {isa = PBXBuildFile; fileRef = 2CCE00561C9D971F00A5C164 /* Constants.m */; };
		2CCE00601C9D971F00A5C164 /* Person.m in Sources */ = {isa = PBXBuildFile; fileRef = 2CCE00581C9D971F00A5C164 /* Person.m */; };
		2CCE00611C9D971F00A5C164 /* Screen.m in Sources */ = {isa = PBXBuildFile; fileRef = 2CCE005A1C9D971F00A5C164 /* Screen.m */; };
		2CCE00621C9D971F00A5C164 /* StringFromDateTranslate.m in Sources */ = {isa = PBXBuildFile; fileRef = 2CCE005C1C9D971F00A5C164 /* StringFromDateTranslate.m */; };
		2CCE00631C9D971F00A5C164 /* UIColor+CustomColors.m in Sources */ = {isa = PBXBuildFile; fileRef = 2CCE005E1C9D971F00A5C164 /* UIColor+CustomColors.m */; };
		2CCE00661C9D972A00A5C164 /* EditFriendsViewController.m in Sources */ = {isa = PBXBuildFile; fileRef = 2CCE00651C9D972A00A5C164 /* EditFriendsViewController.m */; };
		2CCE006B1C9D974600A5C164 /* AddEventsViewController.m in Sources */ = {isa = PBXBuildFile; fileRef = 2CCE006A1C9D974600A5C164 /* AddEventsViewController.m */; };
		2CCE006E1C9D974D00A5C164 /* EventDetailViewController.m in Sources */ = {isa = PBXBuildFile; fileRef = 2CCE006D1C9D974D00A5C164 /* EventDetailViewController.m */; };
		2CCE00731C9D975500A5C164 /* HomeViewController.m in Sources */ = {isa = PBXBuildFile; fileRef = 2CCE00701C9D975500A5C164 /* HomeViewController.m */; };
		2CCE00741C9D975500A5C164 /* HomeCell.m in Sources */ = {isa = PBXBuildFile; fileRef = 2CCE00721C9D975500A5C164 /* HomeCell.m */; };
		2CCE00771C9D975C00A5C164 /* LoginViewController.m in Sources */ = {isa = PBXBuildFile; fileRef = 2CCE00761C9D975C00A5C164 /* LoginViewController.m */; };
		2CCE00821C9D976A00A5C164 /* ButtonTableViewCell.m in Sources */ = {isa = PBXBuildFile; fileRef = 2CCE00791C9D976A00A5C164 /* ButtonTableViewCell.m */; };
		2CCE00831C9D976A00A5C164 /* LabelButtonTableViewCell.m in Sources */ = {isa = PBXBuildFile; fileRef = 2CCE007B1C9D976A00A5C164 /* LabelButtonTableViewCell.m */; };
		2CCE00841C9D976A00A5C164 /* SettingsCell.m in Sources */ = {isa = PBXBuildFile; fileRef = 2CCE007D1C9D976A00A5C164 /* SettingsCell.m */; };
		2CCE00851C9D976A00A5C164 /* SettingsViewController.m in Sources */ = {isa = PBXBuildFile; fileRef = 2CCE007F1C9D976A00A5C164 /* SettingsViewController.m */; };
		2CCE00861C9D976A00A5C164 /* SwitchTableViewCell.m in Sources */ = {isa = PBXBuildFile; fileRef = 2CCE00811C9D976A00A5C164 /* SwitchTableViewCell.m */; };
		2CCE00891C9D977600A5C164 /* SignupViewController.m in Sources */ = {isa = PBXBuildFile; fileRef = 2CCE00881C9D977600A5C164 /* SignupViewController.m */; };
<<<<<<< HEAD
		50EAC9A7929F9989B3516CE4 /* libPods-ChillinUITests.a in Frameworks */ = {isa = PBXBuildFile; fileRef = 3E76B27325FC1270A038FC02 /* libPods-ChillinUITests.a */; };
		CACC1DA050364EFF5738C568 /* libPods-Chillin.a in Frameworks */ = {isa = PBXBuildFile; fileRef = F1AEA0A4E010533C05D6F30A /* libPods-Chillin.a */; };
=======
		7EF285CE100B2C4F954D1CF4 /* libPods-ChillinTests.a in Frameworks */ = {isa = PBXBuildFile; fileRef = E64DD4A68D3C8D7F13C6D9AD /* libPods-ChillinTests.a */; };
		BA6B26E4CBDF71DF7CADC4EF /* libPods-Chillin.a in Frameworks */ = {isa = PBXBuildFile; fileRef = 6059517590551EC2BBCAECD6 /* libPods-Chillin.a */; };
		D8C1992DE3D23A3576B03FEE /* libPods-ChillinUITests.a in Frameworks */ = {isa = PBXBuildFile; fileRef = 77A4283BA181E6B624FC9471 /* libPods-ChillinUITests.a */; };
>>>>>>> Chillin/master
/* End PBXBuildFile section */

/* Begin PBXContainerItemProxy section */
		2CCE00291C9D954900A5C164 /* PBXContainerItemProxy */ = {
			isa = PBXContainerItemProxy;
			containerPortal = 2CCE00041C9D954900A5C164 /* Project object */;
			proxyType = 1;
			remoteGlobalIDString = 2CCE000B1C9D954900A5C164;
			remoteInfo = Chillin;
		};
		2CCE00341C9D954900A5C164 /* PBXContainerItemProxy */ = {
			isa = PBXContainerItemProxy;
			containerPortal = 2CCE00041C9D954900A5C164 /* Project object */;
			proxyType = 1;
			remoteGlobalIDString = 2CCE000B1C9D954900A5C164;
			remoteInfo = Chillin;
		};
/* End PBXContainerItemProxy section */

/* Begin PBXFileReference section */
<<<<<<< HEAD
=======
		0FAA27B07A621EAE4D7D791C /* Pods-Chillin.release.xcconfig */ = {isa = PBXFileReference; includeInIndex = 1; lastKnownFileType = text.xcconfig; name = "Pods-Chillin.release.xcconfig"; path = "Pods/Target Support Files/Pods-Chillin/Pods-Chillin.release.xcconfig"; sourceTree = "<group>"; };
		1CA80568BA56A6E0FADF3749 /* Pods-ChillinUITests.debug.xcconfig */ = {isa = PBXFileReference; includeInIndex = 1; lastKnownFileType = text.xcconfig; name = "Pods-ChillinUITests.debug.xcconfig"; path = "Pods/Target Support Files/Pods-ChillinUITests/Pods-ChillinUITests.debug.xcconfig"; sourceTree = "<group>"; };
>>>>>>> Chillin/master
		2C17E7991CEB28170048C181 /* LaunchScreen.h */ = {isa = PBXFileReference; fileEncoding = 4; lastKnownFileType = sourcecode.c.h; path = LaunchScreen.h; sourceTree = "<group>"; };
		2C17E79A1CEB28170048C181 /* LaunchScreen.m */ = {isa = PBXFileReference; fileEncoding = 4; lastKnownFileType = sourcecode.c.objc; path = LaunchScreen.m; sourceTree = "<group>"; };
		2C3F63911CF44AD300774715 /* en */ = {isa = PBXFileReference; lastKnownFileType = text.plist.strings; name = en; path = en.lproj/Localizable.strings; sourceTree = "<group>"; };
		2C3F63921CF44AD700774715 /* fr */ = {isa = PBXFileReference; lastKnownFileType = text.plist.strings; name = fr; path = fr.lproj/Localizable.strings; sourceTree = "<group>"; };
		2CA57BE91CE219910085A960 /* CustomFonts.h */ = {isa = PBXFileReference; lastKnownFileType = sourcecode.c.h; path = CustomFonts.h; sourceTree = "<group>"; };
		2CA57BEE1CE224010085A960 /* Wolf-in-the-City.ttf */ = {isa = PBXFileReference; lastKnownFileType = file; path = "Wolf-in-the-City.ttf"; sourceTree = "<group>"; };
		2CCA2F751D86138600AF2604 /* fr */ = {isa = PBXFileReference; lastKnownFileType = text.plist.strings; name = fr; path = fr.lproj/Main.strings; sourceTree = "<group>"; };
		2CCE000C1C9D954900A5C164 /* Chillin.app */ = {isa = PBXFileReference; explicitFileType = wrapper.application; includeInIndex = 0; path = Chillin.app; sourceTree = BUILT_PRODUCTS_DIR; };
		2CCE00101C9D954900A5C164 /* main.m */ = {isa = PBXFileReference; lastKnownFileType = sourcecode.c.objc; path = main.m; sourceTree = "<group>"; };
		2CCE00191C9D954900A5C164 /* Base */ = {isa = PBXFileReference; lastKnownFileType = file.storyboard; name = Base; path = Base.lproj/Main.storyboard; sourceTree = "<group>"; };
		2CCE001C1C9D954900A5C164 /* Chillin.xcdatamodel */ = {isa = PBXFileReference; lastKnownFileType = wrapper.xcdatamodel; path = Chillin.xcdatamodel; sourceTree = "<group>"; };
		2CCE001E1C9D954900A5C164 /* Assets.xcassets */ = {isa = PBXFileReference; lastKnownFileType = folder.assetcatalog; path = Assets.xcassets; sourceTree = "<group>"; };
		2CCE00231C9D954900A5C164 /* Info.plist */ = {isa = PBXFileReference; lastKnownFileType = text.plist.xml; path = Info.plist; sourceTree = "<group>"; };
		2CCE00281C9D954900A5C164 /* ChillinTests.xctest */ = {isa = PBXFileReference; explicitFileType = wrapper.cfbundle; includeInIndex = 0; path = ChillinTests.xctest; sourceTree = BUILT_PRODUCTS_DIR; };
		2CCE002C1C9D954900A5C164 /* ChillinTests.m */ = {isa = PBXFileReference; lastKnownFileType = sourcecode.c.objc; path = ChillinTests.m; sourceTree = "<group>"; };
		2CCE002E1C9D954900A5C164 /* Info.plist */ = {isa = PBXFileReference; lastKnownFileType = text.plist.xml; path = Info.plist; sourceTree = "<group>"; };
		2CCE00331C9D954900A5C164 /* ChillinUITests.xctest */ = {isa = PBXFileReference; explicitFileType = wrapper.cfbundle; includeInIndex = 0; path = ChillinUITests.xctest; sourceTree = BUILT_PRODUCTS_DIR; };
		2CCE00371C9D954900A5C164 /* ChillinUITests.m */ = {isa = PBXFileReference; lastKnownFileType = sourcecode.c.objc; path = ChillinUITests.m; sourceTree = "<group>"; };
		2CCE00391C9D954900A5C164 /* Info.plist */ = {isa = PBXFileReference; lastKnownFileType = text.plist.xml; path = Info.plist; sourceTree = "<group>"; };
		2CCE00451C9D95C000A5C164 /* LaunchScreen.xib */ = {isa = PBXFileReference; fileEncoding = 4; lastKnownFileType = file.xib; path = LaunchScreen.xib; sourceTree = "<group>"; };
		2CCE00461C9D95C000A5C164 /* AppDelegate.h */ = {isa = PBXFileReference; fileEncoding = 4; lastKnownFileType = sourcecode.c.h; path = AppDelegate.h; sourceTree = "<group>"; };
		2CCE00471C9D95C000A5C164 /* AppDelegate.m */ = {isa = PBXFileReference; fileEncoding = 4; lastKnownFileType = sourcecode.c.objc; path = AppDelegate.m; sourceTree = "<group>"; };
		2CCE004A1C9D960A00A5C164 /* Chillin-Bridging-Header.h */ = {isa = PBXFileReference; lastKnownFileType = sourcecode.c.h; path = "Chillin-Bridging-Header.h"; sourceTree = "<group>"; };
		2CCE004B1C9D960B00A5C164 /* SevenSwitch.swift */ = {isa = PBXFileReference; fileEncoding = 4; lastKnownFileType = sourcecode.swift; path = SevenSwitch.swift; sourceTree = "<group>"; };
		2CCE00551C9D971F00A5C164 /* Constants.h */ = {isa = PBXFileReference; fileEncoding = 4; lastKnownFileType = sourcecode.c.h; path = Constants.h; sourceTree = "<group>"; };
		2CCE00561C9D971F00A5C164 /* Constants.m */ = {isa = PBXFileReference; fileEncoding = 4; lastKnownFileType = sourcecode.c.objc; path = Constants.m; sourceTree = "<group>"; };
		2CCE00571C9D971F00A5C164 /* Person.h */ = {isa = PBXFileReference; fileEncoding = 4; lastKnownFileType = sourcecode.c.h; path = Person.h; sourceTree = "<group>"; };
		2CCE00581C9D971F00A5C164 /* Person.m */ = {isa = PBXFileReference; fileEncoding = 4; lastKnownFileType = sourcecode.c.objc; path = Person.m; sourceTree = "<group>"; };
		2CCE00591C9D971F00A5C164 /* Screen.h */ = {isa = PBXFileReference; fileEncoding = 4; lastKnownFileType = sourcecode.c.h; path = Screen.h; sourceTree = "<group>"; };
		2CCE005A1C9D971F00A5C164 /* Screen.m */ = {isa = PBXFileReference; fileEncoding = 4; lastKnownFileType = sourcecode.c.objc; path = Screen.m; sourceTree = "<group>"; };
		2CCE005B1C9D971F00A5C164 /* StringFromDateTranslate.h */ = {isa = PBXFileReference; fileEncoding = 4; lastKnownFileType = sourcecode.c.h; path = StringFromDateTranslate.h; sourceTree = "<group>"; };
		2CCE005C1C9D971F00A5C164 /* StringFromDateTranslate.m */ = {isa = PBXFileReference; fileEncoding = 4; lastKnownFileType = sourcecode.c.objc; path = StringFromDateTranslate.m; sourceTree = "<group>"; };
		2CCE005D1C9D971F00A5C164 /* UIColor+CustomColors.h */ = {isa = PBXFileReference; fileEncoding = 4; lastKnownFileType = sourcecode.c.h; path = "UIColor+CustomColors.h"; sourceTree = "<group>"; };
		2CCE005E1C9D971F00A5C164 /* UIColor+CustomColors.m */ = {isa = PBXFileReference; fileEncoding = 4; lastKnownFileType = sourcecode.c.objc; path = "UIColor+CustomColors.m"; sourceTree = "<group>"; };
		2CCE00641C9D972A00A5C164 /* EditFriendsViewController.h */ = {isa = PBXFileReference; fileEncoding = 4; lastKnownFileType = sourcecode.c.h; path = EditFriendsViewController.h; sourceTree = "<group>"; };
		2CCE00651C9D972A00A5C164 /* EditFriendsViewController.m */ = {isa = PBXFileReference; fileEncoding = 4; lastKnownFileType = sourcecode.c.objc; path = EditFriendsViewController.m; sourceTree = "<group>"; };
		2CCE00691C9D974600A5C164 /* AddEventsViewController.h */ = {isa = PBXFileReference; fileEncoding = 4; lastKnownFileType = sourcecode.c.h; path = AddEventsViewController.h; sourceTree = "<group>"; };
		2CCE006A1C9D974600A5C164 /* AddEventsViewController.m */ = {isa = PBXFileReference; fileEncoding = 4; lastKnownFileType = sourcecode.c.objc; path = AddEventsViewController.m; sourceTree = "<group>"; };
		2CCE006C1C9D974D00A5C164 /* EventDetailViewController.h */ = {isa = PBXFileReference; fileEncoding = 4; lastKnownFileType = sourcecode.c.h; path = EventDetailViewController.h; sourceTree = "<group>"; };
		2CCE006D1C9D974D00A5C164 /* EventDetailViewController.m */ = {isa = PBXFileReference; fileEncoding = 4; lastKnownFileType = sourcecode.c.objc; path = EventDetailViewController.m; sourceTree = "<group>"; };
		2CCE006F1C9D975500A5C164 /* HomeViewController.h */ = {isa = PBXFileReference; fileEncoding = 4; lastKnownFileType = sourcecode.c.h; path = HomeViewController.h; sourceTree = "<group>"; };
		2CCE00701C9D975500A5C164 /* HomeViewController.m */ = {isa = PBXFileReference; fileEncoding = 4; lastKnownFileType = sourcecode.c.objc; path = HomeViewController.m; sourceTree = "<group>"; };
		2CCE00711C9D975500A5C164 /* HomeCell.h */ = {isa = PBXFileReference; fileEncoding = 4; lastKnownFileType = sourcecode.c.h; path = HomeCell.h; sourceTree = "<group>"; };
		2CCE00721C9D975500A5C164 /* HomeCell.m */ = {isa = PBXFileReference; fileEncoding = 4; lastKnownFileType = sourcecode.c.objc; path = HomeCell.m; sourceTree = "<group>"; };
		2CCE00751C9D975C00A5C164 /* LoginViewController.h */ = {isa = PBXFileReference; fileEncoding = 4; lastKnownFileType = sourcecode.c.h; path = LoginViewController.h; sourceTree = "<group>"; };
		2CCE00761C9D975C00A5C164 /* LoginViewController.m */ = {isa = PBXFileReference; fileEncoding = 4; lastKnownFileType = sourcecode.c.objc; path = LoginViewController.m; sourceTree = "<group>"; };
		2CCE00781C9D976A00A5C164 /* ButtonTableViewCell.h */ = {isa = PBXFileReference; fileEncoding = 4; lastKnownFileType = sourcecode.c.h; path = ButtonTableViewCell.h; sourceTree = "<group>"; };
		2CCE00791C9D976A00A5C164 /* ButtonTableViewCell.m */ = {isa = PBXFileReference; fileEncoding = 4; lastKnownFileType = sourcecode.c.objc; path = ButtonTableViewCell.m; sourceTree = "<group>"; };
		2CCE007A1C9D976A00A5C164 /* LabelButtonTableViewCell.h */ = {isa = PBXFileReference; fileEncoding = 4; lastKnownFileType = sourcecode.c.h; path = LabelButtonTableViewCell.h; sourceTree = "<group>"; };
		2CCE007B1C9D976A00A5C164 /* LabelButtonTableViewCell.m */ = {isa = PBXFileReference; fileEncoding = 4; lastKnownFileType = sourcecode.c.objc; path = LabelButtonTableViewCell.m; sourceTree = "<group>"; };
		2CCE007C1C9D976A00A5C164 /* SettingsCell.h */ = {isa = PBXFileReference; fileEncoding = 4; lastKnownFileType = sourcecode.c.h; path = SettingsCell.h; sourceTree = "<group>"; };
		2CCE007D1C9D976A00A5C164 /* SettingsCell.m */ = {isa = PBXFileReference; fileEncoding = 4; lastKnownFileType = sourcecode.c.objc; path = SettingsCell.m; sourceTree = "<group>"; };
		2CCE007E1C9D976A00A5C164 /* SettingsViewController.h */ = {isa = PBXFileReference; fileEncoding = 4; lastKnownFileType = sourcecode.c.h; path = SettingsViewController.h; sourceTree = "<group>"; };
		2CCE007F1C9D976A00A5C164 /* SettingsViewController.m */ = {isa = PBXFileReference; fileEncoding = 4; lastKnownFileType = sourcecode.c.objc; path = SettingsViewController.m; sourceTree = "<group>"; };
		2CCE00801C9D976A00A5C164 /* SwitchTableViewCell.h */ = {isa = PBXFileReference; fileEncoding = 4; lastKnownFileType = sourcecode.c.h; path = SwitchTableViewCell.h; sourceTree = "<group>"; };
		2CCE00811C9D976A00A5C164 /* SwitchTableViewCell.m */ = {isa = PBXFileReference; fileEncoding = 4; lastKnownFileType = sourcecode.c.objc; path = SwitchTableViewCell.m; sourceTree = "<group>"; };
		2CCE00871C9D977600A5C164 /* SignupViewController.h */ = {isa = PBXFileReference; fileEncoding = 4; lastKnownFileType = sourcecode.c.h; path = SignupViewController.h; sourceTree = "<group>"; };
		2CCE00881C9D977600A5C164 /* SignupViewController.m */ = {isa = PBXFileReference; fileEncoding = 4; lastKnownFileType = sourcecode.c.objc; path = SignupViewController.m; sourceTree = "<group>"; };
<<<<<<< HEAD
		3E76B27325FC1270A038FC02 /* libPods-ChillinUITests.a */ = {isa = PBXFileReference; explicitFileType = archive.ar; includeInIndex = 0; path = "libPods-ChillinUITests.a"; sourceTree = BUILT_PRODUCTS_DIR; };
		5115367A52CFB585E08F07D5 /* Pods-ChillinTests.release.xcconfig */ = {isa = PBXFileReference; includeInIndex = 1; lastKnownFileType = text.xcconfig; name = "Pods-ChillinTests.release.xcconfig"; path = "Pods/Target Support Files/Pods-ChillinTests/Pods-ChillinTests.release.xcconfig"; sourceTree = "<group>"; };
		54AE741027724634B1DEFA67 /* Pods-ChillinUITests.debug.xcconfig */ = {isa = PBXFileReference; includeInIndex = 1; lastKnownFileType = text.xcconfig; name = "Pods-ChillinUITests.debug.xcconfig"; path = "Pods/Target Support Files/Pods-ChillinUITests/Pods-ChillinUITests.debug.xcconfig"; sourceTree = "<group>"; };
		73E8FE35D4242A5CFADF3AEC /* libPods-ChillinTests.a */ = {isa = PBXFileReference; explicitFileType = archive.ar; includeInIndex = 0; path = "libPods-ChillinTests.a"; sourceTree = BUILT_PRODUCTS_DIR; };
		87CAAD920FD6CE13FD9F34CA /* Pods-ChillinTests.debug.xcconfig */ = {isa = PBXFileReference; includeInIndex = 1; lastKnownFileType = text.xcconfig; name = "Pods-ChillinTests.debug.xcconfig"; path = "Pods/Target Support Files/Pods-ChillinTests/Pods-ChillinTests.debug.xcconfig"; sourceTree = "<group>"; };
		88B5F627F57DAF40BC14E2A3 /* Pods-Chillin.debug.xcconfig */ = {isa = PBXFileReference; includeInIndex = 1; lastKnownFileType = text.xcconfig; name = "Pods-Chillin.debug.xcconfig"; path = "Pods/Target Support Files/Pods-Chillin/Pods-Chillin.debug.xcconfig"; sourceTree = "<group>"; };
		8AD095CD8712776CC21D60F4 /* Pods-Chillin.release.xcconfig */ = {isa = PBXFileReference; includeInIndex = 1; lastKnownFileType = text.xcconfig; name = "Pods-Chillin.release.xcconfig"; path = "Pods/Target Support Files/Pods-Chillin/Pods-Chillin.release.xcconfig"; sourceTree = "<group>"; };
		A4DCFA7F2F1F858A4014D2E6 /* Pods-ChillinUITests.release.xcconfig */ = {isa = PBXFileReference; includeInIndex = 1; lastKnownFileType = text.xcconfig; name = "Pods-ChillinUITests.release.xcconfig"; path = "Pods/Target Support Files/Pods-ChillinUITests/Pods-ChillinUITests.release.xcconfig"; sourceTree = "<group>"; };
		F1AEA0A4E010533C05D6F30A /* libPods-Chillin.a */ = {isa = PBXFileReference; explicitFileType = archive.ar; includeInIndex = 0; path = "libPods-Chillin.a"; sourceTree = BUILT_PRODUCTS_DIR; };
=======
		2F41DDFC24A81EEE3CF610D4 /* Pods-ChillinTests.debug.xcconfig */ = {isa = PBXFileReference; includeInIndex = 1; lastKnownFileType = text.xcconfig; name = "Pods-ChillinTests.debug.xcconfig"; path = "Pods/Target Support Files/Pods-ChillinTests/Pods-ChillinTests.debug.xcconfig"; sourceTree = "<group>"; };
		6059517590551EC2BBCAECD6 /* libPods-Chillin.a */ = {isa = PBXFileReference; explicitFileType = archive.ar; includeInIndex = 0; path = "libPods-Chillin.a"; sourceTree = BUILT_PRODUCTS_DIR; };
		77A4283BA181E6B624FC9471 /* libPods-ChillinUITests.a */ = {isa = PBXFileReference; explicitFileType = archive.ar; includeInIndex = 0; path = "libPods-ChillinUITests.a"; sourceTree = BUILT_PRODUCTS_DIR; };
		C9183A0F00F753DA819074F3 /* Pods-ChillinUITests.release.xcconfig */ = {isa = PBXFileReference; includeInIndex = 1; lastKnownFileType = text.xcconfig; name = "Pods-ChillinUITests.release.xcconfig"; path = "Pods/Target Support Files/Pods-ChillinUITests/Pods-ChillinUITests.release.xcconfig"; sourceTree = "<group>"; };
		DD01ABBC17085F57CD33DC1F /* Pods-Chillin.debug.xcconfig */ = {isa = PBXFileReference; includeInIndex = 1; lastKnownFileType = text.xcconfig; name = "Pods-Chillin.debug.xcconfig"; path = "Pods/Target Support Files/Pods-Chillin/Pods-Chillin.debug.xcconfig"; sourceTree = "<group>"; };
		E64DD4A68D3C8D7F13C6D9AD /* libPods-ChillinTests.a */ = {isa = PBXFileReference; explicitFileType = archive.ar; includeInIndex = 0; path = "libPods-ChillinTests.a"; sourceTree = BUILT_PRODUCTS_DIR; };
		F8FAE6BB92E1990081EC053C /* Pods-ChillinTests.release.xcconfig */ = {isa = PBXFileReference; includeInIndex = 1; lastKnownFileType = text.xcconfig; name = "Pods-ChillinTests.release.xcconfig"; path = "Pods/Target Support Files/Pods-ChillinTests/Pods-ChillinTests.release.xcconfig"; sourceTree = "<group>"; };
>>>>>>> Chillin/master
/* End PBXFileReference section */

/* Begin PBXFrameworksBuildPhase section */
		2CCE00091C9D954900A5C164 /* Frameworks */ = {
			isa = PBXFrameworksBuildPhase;
			buildActionMask = 2147483647;
			files = (
<<<<<<< HEAD
				CACC1DA050364EFF5738C568 /* libPods-Chillin.a in Frameworks */,
=======
				BA6B26E4CBDF71DF7CADC4EF /* libPods-Chillin.a in Frameworks */,
>>>>>>> Chillin/master
			);
			runOnlyForDeploymentPostprocessing = 0;
		};
		2CCE00251C9D954900A5C164 /* Frameworks */ = {
			isa = PBXFrameworksBuildPhase;
			buildActionMask = 2147483647;
			files = (
<<<<<<< HEAD
				0A17887E838B494B2A44D3F9 /* libPods-ChillinTests.a in Frameworks */,
=======
				7EF285CE100B2C4F954D1CF4 /* libPods-ChillinTests.a in Frameworks */,
>>>>>>> Chillin/master
			);
			runOnlyForDeploymentPostprocessing = 0;
		};
		2CCE00301C9D954900A5C164 /* Frameworks */ = {
			isa = PBXFrameworksBuildPhase;
			buildActionMask = 2147483647;
			files = (
<<<<<<< HEAD
				50EAC9A7929F9989B3516CE4 /* libPods-ChillinUITests.a in Frameworks */,
=======
				D8C1992DE3D23A3576B03FEE /* libPods-ChillinUITests.a in Frameworks */,
>>>>>>> Chillin/master
			);
			runOnlyForDeploymentPostprocessing = 0;
		};
/* End PBXFrameworksBuildPhase section */

/* Begin PBXGroup section */
<<<<<<< HEAD
=======
		03C854CB9776CA81773D9655 /* Pods */ = {
			isa = PBXGroup;
			children = (
				DD01ABBC17085F57CD33DC1F /* Pods-Chillin.debug.xcconfig */,
				0FAA27B07A621EAE4D7D791C /* Pods-Chillin.release.xcconfig */,
				2F41DDFC24A81EEE3CF610D4 /* Pods-ChillinTests.debug.xcconfig */,
				F8FAE6BB92E1990081EC053C /* Pods-ChillinTests.release.xcconfig */,
				1CA80568BA56A6E0FADF3749 /* Pods-ChillinUITests.debug.xcconfig */,
				C9183A0F00F753DA819074F3 /* Pods-ChillinUITests.release.xcconfig */,
			);
			name = Pods;
			sourceTree = "<group>";
		};
>>>>>>> Chillin/master
		2CCE00031C9D954900A5C164 = {
			isa = PBXGroup;
			children = (
				2CCE000E1C9D954900A5C164 /* Chillin */,
				2CCE002B1C9D954900A5C164 /* ChillinTests */,
				2CCE00361C9D954900A5C164 /* ChillinUITests */,
				2CCE000D1C9D954900A5C164 /* Products */,
<<<<<<< HEAD
				E190A3365E42CE0A63A6D63B /* Pods */,
				E4D94ACC7B43C60CF2B0FEC0 /* Frameworks */,
=======
				03C854CB9776CA81773D9655 /* Pods */,
				779CA1E571B9E1A10410182F /* Frameworks */,
>>>>>>> Chillin/master
			);
			sourceTree = "<group>";
		};
		2CCE000D1C9D954900A5C164 /* Products */ = {
			isa = PBXGroup;
			children = (
				2CCE000C1C9D954900A5C164 /* Chillin.app */,
				2CCE00281C9D954900A5C164 /* ChillinTests.xctest */,
				2CCE00331C9D954900A5C164 /* ChillinUITests.xctest */,
			);
			name = Products;
			sourceTree = "<group>";
		};
		2CCE000E1C9D954900A5C164 /* Chillin */ = {
			isa = PBXGroup;
			children = (
				2CCE00461C9D95C000A5C164 /* AppDelegate.h */,
				2CCE00471C9D95C000A5C164 /* AppDelegate.m */,
				2CCE00181C9D954900A5C164 /* Main.storyboard */,
				2CCE00451C9D95C000A5C164 /* LaunchScreen.xib */,
				2CCE001E1C9D954900A5C164 /* Assets.xcassets */,
				2CCE001B1C9D954900A5C164 /* Chillin.xcdatamodeld */,
				2CCE004E1C9D96C500A5C164 /* Common */,
				2CCE004F1C9D96CC00A5C164 /* Edit Friends */,
				2CCE00501C9D96D500A5C164 /* Event */,
				2CCE00511C9D96E900A5C164 /* Home */,
				2CCE00521C9D96F000A5C164 /* Login */,
				2CCE00531C9D96F500A5C164 /* Settings */,
				2CCE00541C9D96FD00A5C164 /* Signup */,
				2CCE000F1C9D954900A5C164 /* Supporting Files */,
			);
			path = Chillin;
			sourceTree = "<group>";
		};
		2CCE000F1C9D954900A5C164 /* Supporting Files */ = {
			isa = PBXGroup;
			children = (
				2C3F63901CF44AC400774715 /* Localizable.strings */,
				2CA57BEE1CE224010085A960 /* Wolf-in-the-City.ttf */,
				2CCE00231C9D954900A5C164 /* Info.plist */,
				2CCE00101C9D954900A5C164 /* main.m */,
				2CCE004B1C9D960B00A5C164 /* SevenSwitch.swift */,
				2CCE004A1C9D960A00A5C164 /* Chillin-Bridging-Header.h */,
			);
			name = "Supporting Files";
			sourceTree = "<group>";
		};
		2CCE002B1C9D954900A5C164 /* ChillinTests */ = {
			isa = PBXGroup;
			children = (
				2CCE002C1C9D954900A5C164 /* ChillinTests.m */,
				2CCE002E1C9D954900A5C164 /* Info.plist */,
			);
			path = ChillinTests;
			sourceTree = "<group>";
		};
		2CCE00361C9D954900A5C164 /* ChillinUITests */ = {
			isa = PBXGroup;
			children = (
				2CCE00371C9D954900A5C164 /* ChillinUITests.m */,
				2CCE00391C9D954900A5C164 /* Info.plist */,
			);
			path = ChillinUITests;
			sourceTree = "<group>";
		};
		2CCE004E1C9D96C500A5C164 /* Common */ = {
			isa = PBXGroup;
			children = (
				2CCE00551C9D971F00A5C164 /* Constants.h */,
				2CCE00561C9D971F00A5C164 /* Constants.m */,
				2CCE00571C9D971F00A5C164 /* Person.h */,
				2CCE00581C9D971F00A5C164 /* Person.m */,
				2CCE00591C9D971F00A5C164 /* Screen.h */,
				2CCE005A1C9D971F00A5C164 /* Screen.m */,
				2CCE005B1C9D971F00A5C164 /* StringFromDateTranslate.h */,
				2CCE005C1C9D971F00A5C164 /* StringFromDateTranslate.m */,
				2CA57BE91CE219910085A960 /* CustomFonts.h */,
				2CCE005D1C9D971F00A5C164 /* UIColor+CustomColors.h */,
				2CCE005E1C9D971F00A5C164 /* UIColor+CustomColors.m */,
				2C17E7991CEB28170048C181 /* LaunchScreen.h */,
				2C17E79A1CEB28170048C181 /* LaunchScreen.m */,
			);
			name = Common;
			sourceTree = "<group>";
		};
		2CCE004F1C9D96CC00A5C164 /* Edit Friends */ = {
			isa = PBXGroup;
			children = (
				2CCE00641C9D972A00A5C164 /* EditFriendsViewController.h */,
				2CCE00651C9D972A00A5C164 /* EditFriendsViewController.m */,
			);
			name = "Edit Friends";
			sourceTree = "<group>";
		};
		2CCE00501C9D96D500A5C164 /* Event */ = {
			isa = PBXGroup;
			children = (
				2CCE00671C9D973200A5C164 /* Add Event */,
				2CCE00681C9D973800A5C164 /* Event Detail */,
			);
			name = Event;
			sourceTree = "<group>";
		};
		2CCE00511C9D96E900A5C164 /* Home */ = {
			isa = PBXGroup;
			children = (
				2CCE006F1C9D975500A5C164 /* HomeViewController.h */,
				2CCE00701C9D975500A5C164 /* HomeViewController.m */,
				2CCE00711C9D975500A5C164 /* HomeCell.h */,
				2CCE00721C9D975500A5C164 /* HomeCell.m */,
			);
			name = Home;
			sourceTree = "<group>";
		};
		2CCE00521C9D96F000A5C164 /* Login */ = {
			isa = PBXGroup;
			children = (
				2CCE00751C9D975C00A5C164 /* LoginViewController.h */,
				2CCE00761C9D975C00A5C164 /* LoginViewController.m */,
			);
			name = Login;
			sourceTree = "<group>";
		};
		2CCE00531C9D96F500A5C164 /* Settings */ = {
			isa = PBXGroup;
			children = (
				2CCE00781C9D976A00A5C164 /* ButtonTableViewCell.h */,
				2CCE00791C9D976A00A5C164 /* ButtonTableViewCell.m */,
				2CCE007A1C9D976A00A5C164 /* LabelButtonTableViewCell.h */,
				2CCE007B1C9D976A00A5C164 /* LabelButtonTableViewCell.m */,
				2CCE007C1C9D976A00A5C164 /* SettingsCell.h */,
				2CCE007D1C9D976A00A5C164 /* SettingsCell.m */,
				2CCE007E1C9D976A00A5C164 /* SettingsViewController.h */,
				2CCE007F1C9D976A00A5C164 /* SettingsViewController.m */,
				2CCE00801C9D976A00A5C164 /* SwitchTableViewCell.h */,
				2CCE00811C9D976A00A5C164 /* SwitchTableViewCell.m */,
			);
			name = Settings;
			sourceTree = "<group>";
		};
		2CCE00541C9D96FD00A5C164 /* Signup */ = {
			isa = PBXGroup;
			children = (
				2CCE00871C9D977600A5C164 /* SignupViewController.h */,
				2CCE00881C9D977600A5C164 /* SignupViewController.m */,
			);
			name = Signup;
			sourceTree = "<group>";
		};
		2CCE00671C9D973200A5C164 /* Add Event */ = {
			isa = PBXGroup;
			children = (
				2CCE00691C9D974600A5C164 /* AddEventsViewController.h */,
				2CCE006A1C9D974600A5C164 /* AddEventsViewController.m */,
			);
			name = "Add Event";
			sourceTree = "<group>";
		};
		2CCE00681C9D973800A5C164 /* Event Detail */ = {
			isa = PBXGroup;
			children = (
				2CCE006C1C9D974D00A5C164 /* EventDetailViewController.h */,
				2CCE006D1C9D974D00A5C164 /* EventDetailViewController.m */,
			);
			name = "Event Detail";
			sourceTree = "<group>";
		};
<<<<<<< HEAD
		E190A3365E42CE0A63A6D63B /* Pods */ = {
			isa = PBXGroup;
			children = (
				88B5F627F57DAF40BC14E2A3 /* Pods-Chillin.debug.xcconfig */,
				8AD095CD8712776CC21D60F4 /* Pods-Chillin.release.xcconfig */,
				87CAAD920FD6CE13FD9F34CA /* Pods-ChillinTests.debug.xcconfig */,
				5115367A52CFB585E08F07D5 /* Pods-ChillinTests.release.xcconfig */,
				54AE741027724634B1DEFA67 /* Pods-ChillinUITests.debug.xcconfig */,
				A4DCFA7F2F1F858A4014D2E6 /* Pods-ChillinUITests.release.xcconfig */,
			);
			name = Pods;
			sourceTree = "<group>";
		};
		E4D94ACC7B43C60CF2B0FEC0 /* Frameworks */ = {
			isa = PBXGroup;
			children = (
				F1AEA0A4E010533C05D6F30A /* libPods-Chillin.a */,
				73E8FE35D4242A5CFADF3AEC /* libPods-ChillinTests.a */,
				3E76B27325FC1270A038FC02 /* libPods-ChillinUITests.a */,
=======
		779CA1E571B9E1A10410182F /* Frameworks */ = {
			isa = PBXGroup;
			children = (
				6059517590551EC2BBCAECD6 /* libPods-Chillin.a */,
				E64DD4A68D3C8D7F13C6D9AD /* libPods-ChillinTests.a */,
				77A4283BA181E6B624FC9471 /* libPods-ChillinUITests.a */,
>>>>>>> Chillin/master
			);
			name = Frameworks;
			sourceTree = "<group>";
		};
/* End PBXGroup section */

/* Begin PBXNativeTarget section */
		2CCE000B1C9D954900A5C164 /* Chillin */ = {
			isa = PBXNativeTarget;
			buildConfigurationList = 2CCE003C1C9D954900A5C164 /* Build configuration list for PBXNativeTarget "Chillin" */;
			buildPhases = (
<<<<<<< HEAD
				AE3E361B4CC52201D82E4E00 /* [CP] Check Pods Manifest.lock */,
				2CCE00081C9D954900A5C164 /* Sources */,
				2CCE00091C9D954900A5C164 /* Frameworks */,
				2CCE000A1C9D954900A5C164 /* Resources */,
				734357A6F041AA628315589A /* [CP] Embed Pods Frameworks */,
				4CC24EC5F2E949CD0C5E81C3 /* [CP] Copy Pods Resources */,
=======
				5A05A97E3F14A6475448C9FA /* [CP] Check Pods Manifest.lock */,
				2CCE00081C9D954900A5C164 /* Sources */,
				2CCE00091C9D954900A5C164 /* Frameworks */,
				2CCE000A1C9D954900A5C164 /* Resources */,
				BF5B91B4B8280CC7EE09266C /* [CP] Embed Pods Frameworks */,
				D83F816714CD6F7838A48F7E /* [CP] Copy Pods Resources */,
>>>>>>> Chillin/master
			);
			buildRules = (
			);
			dependencies = (
			);
			name = Chillin;
			productName = Chillin;
			productReference = 2CCE000C1C9D954900A5C164 /* Chillin.app */;
			productType = "com.apple.product-type.application";
		};
		2CCE00271C9D954900A5C164 /* ChillinTests */ = {
			isa = PBXNativeTarget;
			buildConfigurationList = 2CCE003F1C9D954900A5C164 /* Build configuration list for PBXNativeTarget "ChillinTests" */;
			buildPhases = (
<<<<<<< HEAD
				5FF407824D32C11647F62C22 /* [CP] Check Pods Manifest.lock */,
				2CCE00241C9D954900A5C164 /* Sources */,
				2CCE00251C9D954900A5C164 /* Frameworks */,
				2CCE00261C9D954900A5C164 /* Resources */,
				C0FD8DC77B15B776E1C4EC19 /* [CP] Embed Pods Frameworks */,
				664C244A1A48AFF4052FA1A8 /* [CP] Copy Pods Resources */,
=======
				988B1DE48D0B81ECC1AFA73C /* [CP] Check Pods Manifest.lock */,
				2CCE00241C9D954900A5C164 /* Sources */,
				2CCE00251C9D954900A5C164 /* Frameworks */,
				2CCE00261C9D954900A5C164 /* Resources */,
				0C9A5FF9AA7622A5079C2FED /* [CP] Embed Pods Frameworks */,
				0A46383D306B47658C21A7F9 /* [CP] Copy Pods Resources */,
>>>>>>> Chillin/master
			);
			buildRules = (
			);
			dependencies = (
				2CCE002A1C9D954900A5C164 /* PBXTargetDependency */,
			);
			name = ChillinTests;
			productName = ChillinTests;
			productReference = 2CCE00281C9D954900A5C164 /* ChillinTests.xctest */;
			productType = "com.apple.product-type.bundle.unit-test";
		};
		2CCE00321C9D954900A5C164 /* ChillinUITests */ = {
			isa = PBXNativeTarget;
			buildConfigurationList = 2CCE00421C9D954900A5C164 /* Build configuration list for PBXNativeTarget "ChillinUITests" */;
			buildPhases = (
<<<<<<< HEAD
				84BCA8D773C0305E3C856D2E /* [CP] Check Pods Manifest.lock */,
				2CCE002F1C9D954900A5C164 /* Sources */,
				2CCE00301C9D954900A5C164 /* Frameworks */,
				2CCE00311C9D954900A5C164 /* Resources */,
				699B316BAEF9094B0221214F /* [CP] Copy Pods Resources */,
=======
				830B8CB85117581BC3538376 /* [CP] Check Pods Manifest.lock */,
				2CCE002F1C9D954900A5C164 /* Sources */,
				2CCE00301C9D954900A5C164 /* Frameworks */,
				2CCE00311C9D954900A5C164 /* Resources */,
				64B962D902DAAAD642078C8D /* [CP] Copy Pods Resources */,
>>>>>>> Chillin/master
			);
			buildRules = (
			);
			dependencies = (
				2CCE00351C9D954900A5C164 /* PBXTargetDependency */,
			);
			name = ChillinUITests;
			productName = ChillinUITests;
			productReference = 2CCE00331C9D954900A5C164 /* ChillinUITests.xctest */;
			productType = "com.apple.product-type.bundle.ui-testing";
		};
/* End PBXNativeTarget section */

/* Begin PBXProject section */
		2CCE00041C9D954900A5C164 /* Project object */ = {
			isa = PBXProject;
			attributes = {
				LastUpgradeCheck = 0800;
				ORGANIZATIONNAME = JardelCompany;
				TargetAttributes = {
					2CCE000B1C9D954900A5C164 = {
						CreatedOnToolsVersion = 7.2.1;
						DevelopmentTeam = 2NB67X8DYS;
						LastSwiftMigration = 0800;
						SystemCapabilities = {
							com.apple.BackgroundModes = {
								enabled = 0;
							};
							com.apple.Push = {
								enabled = 1;
							};
						};
					};
					2CCE00271C9D954900A5C164 = {
						CreatedOnToolsVersion = 7.2.1;
						TestTargetID = 2CCE000B1C9D954900A5C164;
					};
					2CCE00321C9D954900A5C164 = {
						CreatedOnToolsVersion = 7.2.1;
						TestTargetID = 2CCE000B1C9D954900A5C164;
					};
				};
			};
			buildConfigurationList = 2CCE00071C9D954900A5C164 /* Build configuration list for PBXProject "Chillin" */;
			compatibilityVersion = "Xcode 3.2";
			developmentRegion = English;
			hasScannedForEncodings = 0;
			knownRegions = (
				en,
				Base,
				fr,
			);
			mainGroup = 2CCE00031C9D954900A5C164;
			productRefGroup = 2CCE000D1C9D954900A5C164 /* Products */;
			projectDirPath = "";
			projectRoot = "";
			targets = (
				2CCE000B1C9D954900A5C164 /* Chillin */,
				2CCE00271C9D954900A5C164 /* ChillinTests */,
				2CCE00321C9D954900A5C164 /* ChillinUITests */,
			);
		};
/* End PBXProject section */

/* Begin PBXResourcesBuildPhase section */
		2CCE000A1C9D954900A5C164 /* Resources */ = {
			isa = PBXResourcesBuildPhase;
			buildActionMask = 2147483647;
			files = (
				2C3F638E1CF44AC400774715 /* Localizable.strings in Resources */,
				2CA57BEF1CE224030085A960 /* Wolf-in-the-City.ttf in Resources */,
				2CCE001F1C9D954900A5C164 /* Assets.xcassets in Resources */,
				2CCE00481C9D95C000A5C164 /* LaunchScreen.xib in Resources */,
				2CCE001A1C9D954900A5C164 /* Main.storyboard in Resources */,
			);
			runOnlyForDeploymentPostprocessing = 0;
		};
		2CCE00261C9D954900A5C164 /* Resources */ = {
			isa = PBXResourcesBuildPhase;
			buildActionMask = 2147483647;
			files = (
			);
			runOnlyForDeploymentPostprocessing = 0;
		};
		2CCE00311C9D954900A5C164 /* Resources */ = {
			isa = PBXResourcesBuildPhase;
			buildActionMask = 2147483647;
			files = (
			);
			runOnlyForDeploymentPostprocessing = 0;
		};
/* End PBXResourcesBuildPhase section */

/* Begin PBXShellScriptBuildPhase section */
<<<<<<< HEAD
		4CC24EC5F2E949CD0C5E81C3 /* [CP] Copy Pods Resources */ = {
			isa = PBXShellScriptBuildPhase;
			buildActionMask = 2147483647;
			files = (
			);
			inputPaths = (
			);
			name = "[CP] Copy Pods Resources";
			outputPaths = (
			);
			runOnlyForDeploymentPostprocessing = 0;
			shellPath = /bin/sh;
			shellScript = "\"${SRCROOT}/Pods/Target Support Files/Pods-Chillin/Pods-Chillin-resources.sh\"\n";
			showEnvVarsInLog = 0;
		};
		5FF407824D32C11647F62C22 /* [CP] Check Pods Manifest.lock */ = {
			isa = PBXShellScriptBuildPhase;
			buildActionMask = 2147483647;
			files = (
			);
			inputPaths = (
			);
			name = "[CP] Check Pods Manifest.lock";
			outputPaths = (
			);
			runOnlyForDeploymentPostprocessing = 0;
			shellPath = /bin/sh;
			shellScript = "diff \"${PODS_ROOT}/../Podfile.lock\" \"${PODS_ROOT}/Manifest.lock\" > /dev/null\nif [[ $? != 0 ]] ; then\n    cat << EOM\nerror: The sandbox is not in sync with the Podfile.lock. Run 'pod install' or update your CocoaPods installation.\nEOM\n    exit 1\nfi\n";
			showEnvVarsInLog = 0;
		};
		664C244A1A48AFF4052FA1A8 /* [CP] Copy Pods Resources */ = {
=======
		0A46383D306B47658C21A7F9 /* [CP] Copy Pods Resources */ = {
>>>>>>> Chillin/master
			isa = PBXShellScriptBuildPhase;
			buildActionMask = 2147483647;
			files = (
			);
			inputPaths = (
			);
			name = "[CP] Copy Pods Resources";
<<<<<<< HEAD
			outputPaths = (
			);
			runOnlyForDeploymentPostprocessing = 0;
			shellPath = /bin/sh;
			shellScript = "\"${SRCROOT}/Pods/Target Support Files/Pods-ChillinTests/Pods-ChillinTests-resources.sh\"\n";
			showEnvVarsInLog = 0;
		};
		699B316BAEF9094B0221214F /* [CP] Copy Pods Resources */ = {
			isa = PBXShellScriptBuildPhase;
			buildActionMask = 2147483647;
			files = (
			);
			inputPaths = (
			);
			name = "[CP] Copy Pods Resources";
			outputPaths = (
			);
			runOnlyForDeploymentPostprocessing = 0;
			shellPath = /bin/sh;
			shellScript = "\"${SRCROOT}/Pods/Target Support Files/Pods-ChillinUITests/Pods-ChillinUITests-resources.sh\"\n";
			showEnvVarsInLog = 0;
		};
		734357A6F041AA628315589A /* [CP] Embed Pods Frameworks */ = {
			isa = PBXShellScriptBuildPhase;
			buildActionMask = 2147483647;
			files = (
			);
			inputPaths = (
			);
			name = "[CP] Embed Pods Frameworks";
=======
>>>>>>> Chillin/master
			outputPaths = (
			);
			runOnlyForDeploymentPostprocessing = 0;
			shellPath = /bin/sh;
			shellScript = "\"${SRCROOT}/Pods/Target Support Files/Pods-ChillinTests/Pods-ChillinTests-resources.sh\"\n";
			showEnvVarsInLog = 0;
		};
		0C9A5FF9AA7622A5079C2FED /* [CP] Embed Pods Frameworks */ = {
			isa = PBXShellScriptBuildPhase;
			buildActionMask = 2147483647;
			files = (
			);
			inputPaths = (
			);
			name = "[CP] Embed Pods Frameworks";
			outputPaths = (
			);
			runOnlyForDeploymentPostprocessing = 0;
			shellPath = /bin/sh;
			shellScript = "\"${SRCROOT}/Pods/Target Support Files/Pods-ChillinTests/Pods-ChillinTests-frameworks.sh\"\n";
			showEnvVarsInLog = 0;
		};
		5A05A97E3F14A6475448C9FA /* [CP] Check Pods Manifest.lock */ = {
			isa = PBXShellScriptBuildPhase;
			buildActionMask = 2147483647;
			files = (
			);
			inputPaths = (
			);
			name = "[CP] Check Pods Manifest.lock";
			outputPaths = (
			);
			runOnlyForDeploymentPostprocessing = 0;
			shellPath = /bin/sh;
			shellScript = "diff \"${PODS_ROOT}/../Podfile.lock\" \"${PODS_ROOT}/Manifest.lock\" > /dev/null\nif [[ $? != 0 ]] ; then\n    cat << EOM\nerror: The sandbox is not in sync with the Podfile.lock. Run 'pod install' or update your CocoaPods installation.\nEOM\n    exit 1\nfi\n";
			showEnvVarsInLog = 0;
		};
		64B962D902DAAAD642078C8D /* [CP] Copy Pods Resources */ = {
			isa = PBXShellScriptBuildPhase;
			buildActionMask = 2147483647;
			files = (
			);
			inputPaths = (
			);
			name = "[CP] Copy Pods Resources";
			outputPaths = (
			);
			runOnlyForDeploymentPostprocessing = 0;
			shellPath = /bin/sh;
			shellScript = "\"${SRCROOT}/Pods/Target Support Files/Pods-ChillinUITests/Pods-ChillinUITests-resources.sh\"\n";
			showEnvVarsInLog = 0;
		};
		830B8CB85117581BC3538376 /* [CP] Check Pods Manifest.lock */ = {
			isa = PBXShellScriptBuildPhase;
			buildActionMask = 2147483647;
			files = (
			);
			inputPaths = (
			);
			name = "[CP] Check Pods Manifest.lock";
			outputPaths = (
			);
			runOnlyForDeploymentPostprocessing = 0;
			shellPath = /bin/sh;
			shellScript = "diff \"${PODS_ROOT}/../Podfile.lock\" \"${PODS_ROOT}/Manifest.lock\" > /dev/null\nif [[ $? != 0 ]] ; then\n    cat << EOM\nerror: The sandbox is not in sync with the Podfile.lock. Run 'pod install' or update your CocoaPods installation.\nEOM\n    exit 1\nfi\n";
			showEnvVarsInLog = 0;
		};
<<<<<<< HEAD
		84BCA8D773C0305E3C856D2E /* [CP] Check Pods Manifest.lock */ = {
=======
		988B1DE48D0B81ECC1AFA73C /* [CP] Check Pods Manifest.lock */ = {
>>>>>>> Chillin/master
			isa = PBXShellScriptBuildPhase;
			buildActionMask = 2147483647;
			files = (
			);
			inputPaths = (
			);
			name = "[CP] Check Pods Manifest.lock";
			outputPaths = (
			);
			runOnlyForDeploymentPostprocessing = 0;
			shellPath = /bin/sh;
			shellScript = "diff \"${PODS_ROOT}/../Podfile.lock\" \"${PODS_ROOT}/Manifest.lock\" > /dev/null\nif [[ $? != 0 ]] ; then\n    cat << EOM\nerror: The sandbox is not in sync with the Podfile.lock. Run 'pod install' or update your CocoaPods installation.\nEOM\n    exit 1\nfi\n";
			showEnvVarsInLog = 0;
		};
<<<<<<< HEAD
		AE3E361B4CC52201D82E4E00 /* [CP] Check Pods Manifest.lock */ = {
=======
		BF5B91B4B8280CC7EE09266C /* [CP] Embed Pods Frameworks */ = {
			isa = PBXShellScriptBuildPhase;
			buildActionMask = 2147483647;
			files = (
			);
			inputPaths = (
			);
			name = "[CP] Embed Pods Frameworks";
			outputPaths = (
			);
			runOnlyForDeploymentPostprocessing = 0;
			shellPath = /bin/sh;
			shellScript = "\"${SRCROOT}/Pods/Target Support Files/Pods-Chillin/Pods-Chillin-frameworks.sh\"\n";
			showEnvVarsInLog = 0;
		};
		D83F816714CD6F7838A48F7E /* [CP] Copy Pods Resources */ = {
>>>>>>> Chillin/master
			isa = PBXShellScriptBuildPhase;
			buildActionMask = 2147483647;
			files = (
			);
			inputPaths = (
			);
<<<<<<< HEAD
			name = "[CP] Check Pods Manifest.lock";
=======
			name = "[CP] Copy Pods Resources";
>>>>>>> Chillin/master
			outputPaths = (
			);
			runOnlyForDeploymentPostprocessing = 0;
			shellPath = /bin/sh;
			shellScript = "diff \"${PODS_ROOT}/../Podfile.lock\" \"${PODS_ROOT}/Manifest.lock\" > /dev/null\nif [[ $? != 0 ]] ; then\n    cat << EOM\nerror: The sandbox is not in sync with the Podfile.lock. Run 'pod install' or update your CocoaPods installation.\nEOM\n    exit 1\nfi\n";
			showEnvVarsInLog = 0;
		};
		C0FD8DC77B15B776E1C4EC19 /* [CP] Embed Pods Frameworks */ = {
			isa = PBXShellScriptBuildPhase;
			buildActionMask = 2147483647;
			files = (
			);
			inputPaths = (
			);
			name = "[CP] Embed Pods Frameworks";
			outputPaths = (
			);
			runOnlyForDeploymentPostprocessing = 0;
			shellPath = /bin/sh;
			shellScript = "\"${SRCROOT}/Pods/Target Support Files/Pods-ChillinTests/Pods-ChillinTests-frameworks.sh\"\n";
			showEnvVarsInLog = 0;
		};
/* End PBXShellScriptBuildPhase section */

/* Begin PBXSourcesBuildPhase section */
		2CCE00081C9D954900A5C164 /* Sources */ = {
			isa = PBXSourcesBuildPhase;
			buildActionMask = 2147483647;
			files = (
				2CCE00661C9D972A00A5C164 /* EditFriendsViewController.m in Sources */,
				2CCE00601C9D971F00A5C164 /* Person.m in Sources */,
				2CCE00841C9D976A00A5C164 /* SettingsCell.m in Sources */,
				2CCE00611C9D971F00A5C164 /* Screen.m in Sources */,
				2CCE005F1C9D971F00A5C164 /* Constants.m in Sources */,
				2CCE00861C9D976A00A5C164 /* SwitchTableViewCell.m in Sources */,
				2CCE00631C9D971F00A5C164 /* UIColor+CustomColors.m in Sources */,
				2CCE00621C9D971F00A5C164 /* StringFromDateTranslate.m in Sources */,
				2CCE006E1C9D974D00A5C164 /* EventDetailViewController.m in Sources */,
				2CCE00111C9D954900A5C164 /* main.m in Sources */,
				2CCE001D1C9D954900A5C164 /* Chillin.xcdatamodeld in Sources */,
				2CCE00831C9D976A00A5C164 /* LabelButtonTableViewCell.m in Sources */,
				2CCE00891C9D977600A5C164 /* SignupViewController.m in Sources */,
				2CCE00851C9D976A00A5C164 /* SettingsViewController.m in Sources */,
				2CCE00491C9D95C000A5C164 /* AppDelegate.m in Sources */,
				2CCE006B1C9D974600A5C164 /* AddEventsViewController.m in Sources */,
				2CCE004C1C9D960B00A5C164 /* SevenSwitch.swift in Sources */,
				2CCE00741C9D975500A5C164 /* HomeCell.m in Sources */,
				2C17E79B1CEB28170048C181 /* LaunchScreen.m in Sources */,
				2CCE00731C9D975500A5C164 /* HomeViewController.m in Sources */,
				2CCE00771C9D975C00A5C164 /* LoginViewController.m in Sources */,
				2CCE00821C9D976A00A5C164 /* ButtonTableViewCell.m in Sources */,
			);
			runOnlyForDeploymentPostprocessing = 0;
		};
		2CCE00241C9D954900A5C164 /* Sources */ = {
			isa = PBXSourcesBuildPhase;
			buildActionMask = 2147483647;
			files = (
				2CCE002D1C9D954900A5C164 /* ChillinTests.m in Sources */,
			);
			runOnlyForDeploymentPostprocessing = 0;
		};
		2CCE002F1C9D954900A5C164 /* Sources */ = {
			isa = PBXSourcesBuildPhase;
			buildActionMask = 2147483647;
			files = (
				2CCE00381C9D954900A5C164 /* ChillinUITests.m in Sources */,
			);
			runOnlyForDeploymentPostprocessing = 0;
		};
/* End PBXSourcesBuildPhase section */

/* Begin PBXTargetDependency section */
		2CCE002A1C9D954900A5C164 /* PBXTargetDependency */ = {
			isa = PBXTargetDependency;
			target = 2CCE000B1C9D954900A5C164 /* Chillin */;
			targetProxy = 2CCE00291C9D954900A5C164 /* PBXContainerItemProxy */;
		};
		2CCE00351C9D954900A5C164 /* PBXTargetDependency */ = {
			isa = PBXTargetDependency;
			target = 2CCE000B1C9D954900A5C164 /* Chillin */;
			targetProxy = 2CCE00341C9D954900A5C164 /* PBXContainerItemProxy */;
		};
/* End PBXTargetDependency section */

/* Begin PBXVariantGroup section */
		2C3F63901CF44AC400774715 /* Localizable.strings */ = {
			isa = PBXVariantGroup;
			children = (
				2C3F63911CF44AD300774715 /* en */,
				2C3F63921CF44AD700774715 /* fr */,
			);
			name = Localizable.strings;
			path = ..;
			sourceTree = "<group>";
		};
		2CCE00181C9D954900A5C164 /* Main.storyboard */ = {
			isa = PBXVariantGroup;
			children = (
				2CCE00191C9D954900A5C164 /* Base */,
				2CCA2F751D86138600AF2604 /* fr */,
			);
			name = Main.storyboard;
			sourceTree = "<group>";
		};
/* End PBXVariantGroup section */

/* Begin XCBuildConfiguration section */
		2CCE003A1C9D954900A5C164 /* Debug */ = {
			isa = XCBuildConfiguration;
			buildSettings = {
				ALWAYS_SEARCH_USER_PATHS = NO;
				CLANG_ANALYZER_LOCALIZABILITY_NONLOCALIZED = YES;
				CLANG_CXX_LANGUAGE_STANDARD = "gnu++0x";
				CLANG_CXX_LIBRARY = "libc++";
				CLANG_ENABLE_MODULES = YES;
				CLANG_ENABLE_OBJC_ARC = YES;
				CLANG_WARN_BOOL_CONVERSION = YES;
				CLANG_WARN_CONSTANT_CONVERSION = YES;
				CLANG_WARN_DIRECT_OBJC_ISA_USAGE = YES_ERROR;
				CLANG_WARN_EMPTY_BODY = YES;
				CLANG_WARN_ENUM_CONVERSION = YES;
				CLANG_WARN_INFINITE_RECURSION = YES;
				CLANG_WARN_INT_CONVERSION = YES;
				CLANG_WARN_OBJC_ROOT_CLASS = YES_ERROR;
				CLANG_WARN_SUSPICIOUS_MOVE = YES;
				CLANG_WARN_UNREACHABLE_CODE = YES;
				CLANG_WARN__DUPLICATE_METHOD_MATCH = YES;
				CODE_SIGN_IDENTITY = "iPhone Developer";
				"CODE_SIGN_IDENTITY[sdk=iphoneos*]" = "iPhone Developer";
				COPY_PHASE_STRIP = NO;
				DEBUG_INFORMATION_FORMAT = dwarf;
				ENABLE_STRICT_OBJC_MSGSEND = YES;
				ENABLE_TESTABILITY = YES;
				GCC_C_LANGUAGE_STANDARD = gnu99;
				GCC_DYNAMIC_NO_PIC = NO;
				GCC_NO_COMMON_BLOCKS = YES;
				GCC_OPTIMIZATION_LEVEL = 0;
				GCC_PREPROCESSOR_DEFINITIONS = (
					"DEBUG=1",
					"$(inherited)",
				);
				GCC_WARN_64_TO_32_BIT_CONVERSION = YES;
				GCC_WARN_ABOUT_RETURN_TYPE = YES_ERROR;
				GCC_WARN_UNDECLARED_SELECTOR = YES;
				GCC_WARN_UNINITIALIZED_AUTOS = YES_AGGRESSIVE;
				GCC_WARN_UNUSED_FUNCTION = YES;
				GCC_WARN_UNUSED_VARIABLE = YES;
				IPHONEOS_DEPLOYMENT_TARGET = 9.2;
				MTL_ENABLE_DEBUG_INFO = YES;
				ONLY_ACTIVE_ARCH = YES;
				PROVISIONING_PROFILE = "";
				SDKROOT = iphoneos;
				TARGETED_DEVICE_FAMILY = "1,2";
			};
			name = Debug;
		};
		2CCE003B1C9D954900A5C164 /* Release */ = {
			isa = XCBuildConfiguration;
			buildSettings = {
				ALWAYS_SEARCH_USER_PATHS = NO;
				CLANG_ANALYZER_LOCALIZABILITY_NONLOCALIZED = YES;
				CLANG_CXX_LANGUAGE_STANDARD = "gnu++0x";
				CLANG_CXX_LIBRARY = "libc++";
				CLANG_ENABLE_MODULES = YES;
				CLANG_ENABLE_OBJC_ARC = YES;
				CLANG_WARN_BOOL_CONVERSION = YES;
				CLANG_WARN_CONSTANT_CONVERSION = YES;
				CLANG_WARN_DIRECT_OBJC_ISA_USAGE = YES_ERROR;
				CLANG_WARN_EMPTY_BODY = YES;
				CLANG_WARN_ENUM_CONVERSION = YES;
				CLANG_WARN_INFINITE_RECURSION = YES;
				CLANG_WARN_INT_CONVERSION = YES;
				CLANG_WARN_OBJC_ROOT_CLASS = YES_ERROR;
				CLANG_WARN_SUSPICIOUS_MOVE = YES;
				CLANG_WARN_UNREACHABLE_CODE = YES;
				CLANG_WARN__DUPLICATE_METHOD_MATCH = YES;
				CODE_SIGN_IDENTITY = "iPhone Developer";
				"CODE_SIGN_IDENTITY[sdk=iphoneos*]" = "iPhone Developer";
				COPY_PHASE_STRIP = NO;
				DEBUG_INFORMATION_FORMAT = "dwarf-with-dsym";
				ENABLE_NS_ASSERTIONS = NO;
				ENABLE_STRICT_OBJC_MSGSEND = YES;
				GCC_C_LANGUAGE_STANDARD = gnu99;
				GCC_NO_COMMON_BLOCKS = YES;
				GCC_WARN_64_TO_32_BIT_CONVERSION = YES;
				GCC_WARN_ABOUT_RETURN_TYPE = YES_ERROR;
				GCC_WARN_UNDECLARED_SELECTOR = YES;
				GCC_WARN_UNINITIALIZED_AUTOS = YES_AGGRESSIVE;
				GCC_WARN_UNUSED_FUNCTION = YES;
				GCC_WARN_UNUSED_VARIABLE = YES;
				IPHONEOS_DEPLOYMENT_TARGET = 9.2;
				MTL_ENABLE_DEBUG_INFO = NO;
				PROVISIONING_PROFILE = "";
				SDKROOT = iphoneos;
				SWIFT_OPTIMIZATION_LEVEL = "-Owholemodule";
				TARGETED_DEVICE_FAMILY = "1,2";
				VALIDATE_PRODUCT = YES;
			};
			name = Release;
		};
		2CCE003D1C9D954900A5C164 /* Debug */ = {
			isa = XCBuildConfiguration;
<<<<<<< HEAD
			baseConfigurationReference = 88B5F627F57DAF40BC14E2A3 /* Pods-Chillin.debug.xcconfig */;
=======
			baseConfigurationReference = DD01ABBC17085F57CD33DC1F /* Pods-Chillin.debug.xcconfig */;
>>>>>>> Chillin/master
			buildSettings = {
				ASSETCATALOG_COMPILER_APPICON_NAME = AppIcon;
				CLANG_ENABLE_MODULES = YES;
				CODE_SIGN_IDENTITY = "iPhone Distribution";
				"CODE_SIGN_IDENTITY[sdk=iphoneos*]" = "iPhone Developer";
				INFOPLIST_FILE = Chillin/Info.plist;
				IPHONEOS_DEPLOYMENT_TARGET = 8.0;
				LD_RUNPATH_SEARCH_PATHS = "$(inherited) @executable_path/Frameworks";
				PRODUCT_BUNDLE_IDENTIFIER = JardelCompany.Chillin;
				PRODUCT_NAME = "$(TARGET_NAME)";
				PROVISIONING_PROFILE = "";
				SWIFT_OBJC_BRIDGING_HEADER = "Chillin/Chillin-Bridging-Header.h";
				SWIFT_OPTIMIZATION_LEVEL = "-Onone";
				SWIFT_VERSION = 3.0;
			};
			name = Debug;
		};
		2CCE003E1C9D954900A5C164 /* Release */ = {
			isa = XCBuildConfiguration;
<<<<<<< HEAD
			baseConfigurationReference = 8AD095CD8712776CC21D60F4 /* Pods-Chillin.release.xcconfig */;
=======
			baseConfigurationReference = 0FAA27B07A621EAE4D7D791C /* Pods-Chillin.release.xcconfig */;
>>>>>>> Chillin/master
			buildSettings = {
				ASSETCATALOG_COMPILER_APPICON_NAME = AppIcon;
				CLANG_ENABLE_MODULES = YES;
				CODE_SIGN_IDENTITY = "iPhone Distribution";
				"CODE_SIGN_IDENTITY[sdk=iphoneos*]" = "iPhone Developer";
				INFOPLIST_FILE = Chillin/Info.plist;
				IPHONEOS_DEPLOYMENT_TARGET = 8.0;
				LD_RUNPATH_SEARCH_PATHS = "$(inherited) @executable_path/Frameworks";
				PRODUCT_BUNDLE_IDENTIFIER = JardelCompany.Chillin;
				PRODUCT_NAME = "$(TARGET_NAME)";
				PROVISIONING_PROFILE = "";
				SWIFT_OBJC_BRIDGING_HEADER = "Chillin/Chillin-Bridging-Header.h";
				SWIFT_VERSION = 3.0;
			};
			name = Release;
		};
		2CCE00401C9D954900A5C164 /* Debug */ = {
			isa = XCBuildConfiguration;
<<<<<<< HEAD
			baseConfigurationReference = 87CAAD920FD6CE13FD9F34CA /* Pods-ChillinTests.debug.xcconfig */;
=======
			baseConfigurationReference = 2F41DDFC24A81EEE3CF610D4 /* Pods-ChillinTests.debug.xcconfig */;
>>>>>>> Chillin/master
			buildSettings = {
				BUNDLE_LOADER = "$(TEST_HOST)";
				INFOPLIST_FILE = ChillinTests/Info.plist;
				LD_RUNPATH_SEARCH_PATHS = "$(inherited) @executable_path/Frameworks @loader_path/Frameworks";
				PRODUCT_BUNDLE_IDENTIFIER = JardelCompany.ChillinTests;
				PRODUCT_NAME = "$(TARGET_NAME)";
				TEST_HOST = "$(BUILT_PRODUCTS_DIR)/Chillin.app/Chillin";
			};
			name = Debug;
		};
		2CCE00411C9D954900A5C164 /* Release */ = {
			isa = XCBuildConfiguration;
<<<<<<< HEAD
			baseConfigurationReference = 5115367A52CFB585E08F07D5 /* Pods-ChillinTests.release.xcconfig */;
=======
			baseConfigurationReference = F8FAE6BB92E1990081EC053C /* Pods-ChillinTests.release.xcconfig */;
>>>>>>> Chillin/master
			buildSettings = {
				BUNDLE_LOADER = "$(TEST_HOST)";
				INFOPLIST_FILE = ChillinTests/Info.plist;
				LD_RUNPATH_SEARCH_PATHS = "$(inherited) @executable_path/Frameworks @loader_path/Frameworks";
				PRODUCT_BUNDLE_IDENTIFIER = JardelCompany.ChillinTests;
				PRODUCT_NAME = "$(TARGET_NAME)";
				TEST_HOST = "$(BUILT_PRODUCTS_DIR)/Chillin.app/Chillin";
			};
			name = Release;
		};
		2CCE00431C9D954900A5C164 /* Debug */ = {
			isa = XCBuildConfiguration;
<<<<<<< HEAD
			baseConfigurationReference = 54AE741027724634B1DEFA67 /* Pods-ChillinUITests.debug.xcconfig */;
=======
			baseConfigurationReference = 1CA80568BA56A6E0FADF3749 /* Pods-ChillinUITests.debug.xcconfig */;
>>>>>>> Chillin/master
			buildSettings = {
				INFOPLIST_FILE = ChillinUITests/Info.plist;
				LD_RUNPATH_SEARCH_PATHS = "$(inherited) @executable_path/Frameworks @loader_path/Frameworks";
				PRODUCT_BUNDLE_IDENTIFIER = JardelCompany.ChillinUITests;
				PRODUCT_NAME = "$(TARGET_NAME)";
				TEST_TARGET_NAME = Chillin;
				USES_XCTRUNNER = YES;
			};
			name = Debug;
		};
		2CCE00441C9D954900A5C164 /* Release */ = {
			isa = XCBuildConfiguration;
<<<<<<< HEAD
			baseConfigurationReference = A4DCFA7F2F1F858A4014D2E6 /* Pods-ChillinUITests.release.xcconfig */;
=======
			baseConfigurationReference = C9183A0F00F753DA819074F3 /* Pods-ChillinUITests.release.xcconfig */;
>>>>>>> Chillin/master
			buildSettings = {
				INFOPLIST_FILE = ChillinUITests/Info.plist;
				LD_RUNPATH_SEARCH_PATHS = "$(inherited) @executable_path/Frameworks @loader_path/Frameworks";
				PRODUCT_BUNDLE_IDENTIFIER = JardelCompany.ChillinUITests;
				PRODUCT_NAME = "$(TARGET_NAME)";
				TEST_TARGET_NAME = Chillin;
				USES_XCTRUNNER = YES;
			};
			name = Release;
		};
/* End XCBuildConfiguration section */

/* Begin XCConfigurationList section */
		2CCE00071C9D954900A5C164 /* Build configuration list for PBXProject "Chillin" */ = {
			isa = XCConfigurationList;
			buildConfigurations = (
				2CCE003A1C9D954900A5C164 /* Debug */,
				2CCE003B1C9D954900A5C164 /* Release */,
			);
			defaultConfigurationIsVisible = 0;
			defaultConfigurationName = Release;
		};
		2CCE003C1C9D954900A5C164 /* Build configuration list for PBXNativeTarget "Chillin" */ = {
			isa = XCConfigurationList;
			buildConfigurations = (
				2CCE003D1C9D954900A5C164 /* Debug */,
				2CCE003E1C9D954900A5C164 /* Release */,
			);
			defaultConfigurationIsVisible = 0;
			defaultConfigurationName = Release;
		};
		2CCE003F1C9D954900A5C164 /* Build configuration list for PBXNativeTarget "ChillinTests" */ = {
			isa = XCConfigurationList;
			buildConfigurations = (
				2CCE00401C9D954900A5C164 /* Debug */,
				2CCE00411C9D954900A5C164 /* Release */,
			);
			defaultConfigurationIsVisible = 0;
			defaultConfigurationName = Release;
		};
		2CCE00421C9D954900A5C164 /* Build configuration list for PBXNativeTarget "ChillinUITests" */ = {
			isa = XCConfigurationList;
			buildConfigurations = (
				2CCE00431C9D954900A5C164 /* Debug */,
				2CCE00441C9D954900A5C164 /* Release */,
			);
			defaultConfigurationIsVisible = 0;
			defaultConfigurationName = Release;
		};
/* End XCConfigurationList section */

/* Begin XCVersionGroup section */
		2CCE001B1C9D954900A5C164 /* Chillin.xcdatamodeld */ = {
			isa = XCVersionGroup;
			children = (
				2CCE001C1C9D954900A5C164 /* Chillin.xcdatamodel */,
			);
			currentVersion = 2CCE001C1C9D954900A5C164 /* Chillin.xcdatamodel */;
			path = Chillin.xcdatamodeld;
			sourceTree = "<group>";
			versionGroupType = wrapper.xcdatamodel;
		};
/* End XCVersionGroup section */
	};
	rootObject = 2CCE00041C9D954900A5C164 /* Project object */;
}
